
Microsoft Visual Studio Solution File, Format Version 12.00
# Visual Studio Version 16
VisualStudioVersion = 16.0.0.0
MinimumVisualStudioVersion = 16.0.0.0
Project("{9A19103F-16F7-4668-BE54-9A1E7A4F7556}") = "Flowly", "Flowly\Flowly.csproj", "{9AEB8884-3423-4772-BDEA-BC67FECC1DE6}"
EndProject
Project("{9A19103F-16F7-4668-BE54-9A1E7A4F7556}") = "Flowly.Client", "Flowly.Client\Flowly.Client.csproj", "{C22FE537-663C-4A6B-B831-BBB3AE47C4DA}"
EndProject
Project("{FAE04EC0-301F-11D3-BF4B-00C04F79EFBC}") = "Flowly.Infrastructure", "Flowly.Infrastructure\Flowly.Infrastructure.csproj", "{AACC7937-F757-478B-B42E-95D21C50DC61}"
EndProject
Project("{FAE04EC0-301F-11D3-BF4B-00C04F79EFBC}") = "Flowly.Shared", "Flowly.Shared\Flowly.Shared.csproj", "{B6BF0CCC-0623-4627-BCCF-75DF16AF6D67}"
EndProject
Global
	GlobalSection(SolutionConfigurationPlatforms) = preSolution
		Debug|Any CPU = Debug|Any CPU
		Debug|x64 = Debug|x64
		Debug|x86 = Debug|x86
		Release|Any CPU = Release|Any CPU
		Release|x64 = Release|x64
		Release|x86 = Release|x86
	EndGlobalSection
	GlobalSection(ProjectConfigurationPlatforms) = postSolution
		{9AEB8884-3423-4772-BDEA-BC67FECC1DE6}.Debug|Any CPU.ActiveCfg = Debug|Any CPU
		{9AEB8884-3423-4772-BDEA-BC67FECC1DE6}.Debug|Any CPU.Build.0 = Debug|Any CPU
		{9AEB8884-3423-4772-BDEA-BC67FECC1DE6}.Debug|x64.ActiveCfg = Debug|Any CPU
		{9AEB8884-3423-4772-BDEA-BC67FECC1DE6}.Debug|x64.Build.0 = Debug|Any CPU
		{9AEB8884-3423-4772-BDEA-BC67FECC1DE6}.Debug|x86.ActiveCfg = Debug|Any CPU
		{9AEB8884-3423-4772-BDEA-BC67FECC1DE6}.Debug|x86.Build.0 = Debug|Any CPU
		{9AEB8884-3423-4772-BDEA-BC67FECC1DE6}.Release|Any CPU.ActiveCfg = Release|Any CPU
		{9AEB8884-3423-4772-BDEA-BC67FECC1DE6}.Release|Any CPU.Build.0 = Release|Any CPU
		{9AEB8884-3423-4772-BDEA-BC67FECC1DE6}.Release|x64.ActiveCfg = Release|Any CPU
		{9AEB8884-3423-4772-BDEA-BC67FECC1DE6}.Release|x64.Build.0 = Release|Any CPU
		{9AEB8884-3423-4772-BDEA-BC67FECC1DE6}.Release|x86.ActiveCfg = Release|Any CPU
		{9AEB8884-3423-4772-BDEA-BC67FECC1DE6}.Release|x86.Build.0 = Release|Any CPU
		{C22FE537-663C-4A6B-B831-BBB3AE47C4DA}.Debug|Any CPU.ActiveCfg = Debug|Any CPU
		{C22FE537-663C-4A6B-B831-BBB3AE47C4DA}.Debug|Any CPU.Build.0 = Debug|Any CPU
		{C22FE537-663C-4A6B-B831-BBB3AE47C4DA}.Debug|x64.ActiveCfg = Debug|Any CPU
		{C22FE537-663C-4A6B-B831-BBB3AE47C4DA}.Debug|x64.Build.0 = Debug|Any CPU
		{C22FE537-663C-4A6B-B831-BBB3AE47C4DA}.Debug|x86.ActiveCfg = Debug|Any CPU
		{C22FE537-663C-4A6B-B831-BBB3AE47C4DA}.Debug|x86.Build.0 = Debug|Any CPU
		{C22FE537-663C-4A6B-B831-BBB3AE47C4DA}.Release|Any CPU.ActiveCfg = Release|Any CPU
		{C22FE537-663C-4A6B-B831-BBB3AE47C4DA}.Release|Any CPU.Build.0 = Release|Any CPU
		{C22FE537-663C-4A6B-B831-BBB3AE47C4DA}.Release|x64.ActiveCfg = Release|Any CPU
		{C22FE537-663C-4A6B-B831-BBB3AE47C4DA}.Release|x64.Build.0 = Release|Any CPU
		{C22FE537-663C-4A6B-B831-BBB3AE47C4DA}.Release|x86.ActiveCfg = Release|Any CPU
		{C22FE537-663C-4A6B-B831-BBB3AE47C4DA}.Release|x86.Build.0 = Release|Any CPU
		{AACC7937-F757-478B-B42E-95D21C50DC61}.Debug|Any CPU.ActiveCfg = Debug|Any CPU
		{AACC7937-F757-478B-B42E-95D21C50DC61}.Debug|Any CPU.Build.0 = Debug|Any CPU
		{AACC7937-F757-478B-B42E-95D21C50DC61}.Debug|x64.ActiveCfg = Debug|Any CPU
		{AACC7937-F757-478B-B42E-95D21C50DC61}.Debug|x64.Build.0 = Debug|Any CPU
		{AACC7937-F757-478B-B42E-95D21C50DC61}.Debug|x86.ActiveCfg = Debug|Any CPU
		{AACC7937-F757-478B-B42E-95D21C50DC61}.Debug|x86.Build.0 = Debug|Any CPU
		{AACC7937-F757-478B-B42E-95D21C50DC61}.Release|Any CPU.ActiveCfg = Release|Any CPU
		{AACC7937-F757-478B-B42E-95D21C50DC61}.Release|Any CPU.Build.0 = Release|Any CPU
		{AACC7937-F757-478B-B42E-95D21C50DC61}.Release|x64.ActiveCfg = Release|Any CPU
		{AACC7937-F757-478B-B42E-95D21C50DC61}.Release|x64.Build.0 = Release|Any CPU
		{AACC7937-F757-478B-B42E-95D21C50DC61}.Release|x86.ActiveCfg = Release|Any CPU
		{AACC7937-F757-478B-B42E-95D21C50DC61}.Release|x86.Build.0 = Release|Any CPU
		{B6BF0CCC-0623-4627-BCCF-75DF16AF6D67}.Debug|Any CPU.ActiveCfg = Debug|Any CPU
		{B6BF0CCC-0623-4627-BCCF-75DF16AF6D67}.Debug|Any CPU.Build.0 = Debug|Any CPU
		{B6BF0CCC-0623-4627-BCCF-75DF16AF6D67}.Debug|x64.ActiveCfg = Debug|Any CPU
		{B6BF0CCC-0623-4627-BCCF-75DF16AF6D67}.Debug|x64.Build.0 = Debug|Any CPU
		{B6BF0CCC-0623-4627-BCCF-75DF16AF6D67}.Debug|x86.ActiveCfg = Debug|Any CPU
		{B6BF0CCC-0623-4627-BCCF-75DF16AF6D67}.Debug|x86.Build.0 = Debug|Any CPU
		{B6BF0CCC-0623-4627-BCCF-75DF16AF6D67}.Release|Any CPU.ActiveCfg = Release|Any CPU
		{B6BF0CCC-0623-4627-BCCF-75DF16AF6D67}.Release|Any CPU.Build.0 = Release|Any CPU
		{B6BF0CCC-0623-4627-BCCF-75DF16AF6D67}.Release|x64.ActiveCfg = Release|Any CPU
		{B6BF0CCC-0623-4627-BCCF-75DF16AF6D67}.Release|x64.Build.0 = Release|Any CPU
		{B6BF0CCC-0623-4627-BCCF-75DF16AF6D67}.Release|x86.ActiveCfg = Release|Any CPU
		{B6BF0CCC-0623-4627-BCCF-75DF16AF6D67}.Release|x86.Build.0 = Release|Any CPU
	EndGlobalSection
	GlobalSection(SolutionProperties) = preSolution
		HideSolutionNode = FALSE
	EndGlobalSection
	GlobalSection(ExtensibilityGlobals) = postSolution
		SolutionGuid = {B8A6E827-6A0E-4186-BA30-F1B378608736}
	EndGlobalSection
EndGlobal
